{
  "name": "ts-base",
  "lockfileVersion": 2,
  "requires": true,
  "packages": {
    "": {
      "devDependencies": {
        "editorconfig-checker": "^5.0.1"
      }
    },
    "node_modules/editorconfig-checker": {
      "version": "5.0.1",
      "resolved": "https://registry.npmjs.org/editorconfig-checker/-/editorconfig-checker-5.0.1.tgz",
      "integrity": "sha512-6hXq9VVDkyCxVYKdGtIj+yhVR1fi/6W6Ykz/+kItLPARulJvr2/VXgWZ5OGWx1UYm2RD6XOzWyx1JF6DLgQ/8Q==",
      "dev": true,
      "bin": {
        "ec": "dist/index.js",
        "editorconfig-checker": "dist/index.js"
      },
      "funding": {
        "type": "buymeacoffee",
        "url": "https://www.buymeacoffee.com/mstruebing"
      }
    }
  },
  "dependencies": {
    "editorconfig-checker": {
      "version": "5.0.1",
      "resolved": "https://registry.npmjs.org/editorconfig-checker/-/editorconfig-checker-5.0.1.tgz",
      "integrity": "sha512-6hXq9VVDkyCxVYKdGtIj+yhVR1fi/6W6Ykz/+kItLPARulJvr2/VXgWZ5OGWx1UYm2RD6XOzWyx1JF6DLgQ/8Q==",
      "dev": true
    }
  }
}
